
Microsoft Visual Studio Solution File, Format Version 12.00
# Visual Studio Version 17
VisualStudioVersion = 17.7.34221.43
MinimumVisualStudioVersion = 10.0.40219.1
Project("{FAE04EC0-301F-11D3-BF4B-00C04F79EFBC}") = "ReviewsWebApi", "ReviewsWebApi\ReviewsWebApi.csproj", "{5DCAF5CE-5468-4982-95E0-B2AB7886043C}"
EndProject
Global
	GlobalSection(SolutionConfigurationPlatforms) = preSolution
		Debug|Any CPU = Debug|Any CPU
		Release|Any CPU = Release|Any CPU
	EndGlobalSection
	GlobalSection(ProjectConfigurationPlatforms) = postSolution
		{5DCAF5CE-5468-4982-95E0-B2AB7886043C}.Debug|Any CPU.ActiveCfg = Debug|Any CPU
		{5DCAF5CE-5468-4982-95E0-B2AB7886043C}.Debug|Any CPU.Build.0 = Debug|Any CPU
		{5DCAF5CE-5468-4982-95E0-B2AB7886043C}.Release|Any CPU.ActiveCfg = Release|Any CPU
		{5DCAF5CE-5468-4982-95E0-B2AB7886043C}.Release|Any CPU.Build.0 = Release|Any CPU
	EndGlobalSection
	GlobalSection(SolutionProperties) = preSolution
		HideSolutionNode = FALSE
	EndGlobalSection
	GlobalSection(ExtensibilityGlobals) = postSolution
		SolutionGuid = {944D3E6A-708A-4B40-B82D-DCAE30099E35}
	EndGlobalSection
EndGlobal
